
Microsoft Visual Studio Solution File, Format Version 12.00
# Visual Studio Version 17
VisualStudioVersion = 17.0.31903.59
MinimumVisualStudioVersion = 10.0.40219.1
Project("{2150E333-8FDC-42A3-9474-1A3956D46DE8}") = "src", "src", "{E10F05C7-54DE-44B9-9DBB-348198BE289F}"
EndProject
Project("{FAE04EC0-301F-11D3-BF4B-00C04F79EFBC}") = "AuctionService", "src\AuctionService\AuctionService.csproj", "{F71866ED-CBF8-4A68-AF4F-0E91175556C7}"
EndProject
Global
	GlobalSection(SolutionConfigurationPlatforms) = preSolution
		Debug|Any CPU = Debug|Any CPU
		Release|Any CPU = Release|Any CPU
	EndGlobalSection
	GlobalSection(SolutionProperties) = preSolution
		HideSolutionNode = FALSE
	EndGlobalSection
	GlobalSection(ProjectConfigurationPlatforms) = postSolution
		{F71866ED-CBF8-4A68-AF4F-0E91175556C7}.Debug|Any CPU.ActiveCfg = Debug|Any CPU
		{F71866ED-CBF8-4A68-AF4F-0E91175556C7}.Debug|Any CPU.Build.0 = Debug|Any CPU
		{F71866ED-CBF8-4A68-AF4F-0E91175556C7}.Release|Any CPU.ActiveCfg = Release|Any CPU
		{F71866ED-CBF8-4A68-AF4F-0E91175556C7}.Release|Any CPU.Build.0 = Release|Any CPU
	EndGlobalSection
	GlobalSection(NestedProjects) = preSolution
		{F71866ED-CBF8-4A68-AF4F-0E91175556C7} = {E10F05C7-54DE-44B9-9DBB-348198BE289F}
	EndGlobalSection
EndGlobal
